// !$*UTF8*$!
{
	archiveVersion = 1;
	classes = {
	};
	objectVersion = 46;
	objects = {

/* Begin PBXBuildFile section */
		ED1D05F01E55F110007F28D9 /* main.m in Sources */ = {isa = PBXBuildFile; fileRef = ED1D05EF1E55F110007F28D9 /* main.m */; };
		ED1D05F31E55F110007F28D9 /* AppDelegate.m in Sources */ = {isa = PBXBuildFile; fileRef = ED1D05F21E55F110007F28D9 /* AppDelegate.m */; };
		ED1D05F61E55F110007F28D9 /* ViewController.m in Sources */ = {isa = PBXBuildFile; fileRef = ED1D05F51E55F110007F28D9 /* ViewController.m */; };
		ED1D05F91E55F110007F28D9 /* Main.storyboard in Resources */ = {isa = PBXBuildFile; fileRef = ED1D05F71E55F110007F28D9 /* Main.storyboard */; };
		ED1D05FB1E55F110007F28D9 /* Assets.xcassets in Resources */ = {isa = PBXBuildFile; fileRef = ED1D05FA1E55F110007F28D9 /* Assets.xcassets */; };
		ED1D05FE1E55F110007F28D9 /* LaunchScreen.storyboard in Resources */ = {isa = PBXBuildFile; fileRef = ED1D05FC1E55F110007F28D9 /* LaunchScreen.storyboard */; };
		ED1D06091E55F110007F28D9 /* CyGloberRouterTests.m in Sources */ = {isa = PBXBuildFile; fileRef = ED1D06081E55F110007F28D9 /* CyGloberRouterTests.m */; };
		ED1D06141E55F110007F28D9 /* CyGloberRouterUITests.m in Sources */ = {isa = PBXBuildFile; fileRef = ED1D06131E55F110007F28D9 /* CyGloberRouterUITests.m */; };
/* End PBXBuildFile section */

/* Begin PBXContainerItemProxy section */
		ED1D06051E55F110007F28D9 /* PBXContainerItemProxy */ = {
			isa = PBXContainerItemProxy;
			containerPortal = ED1D05E31E55F110007F28D9 /* Project object */;
			proxyType = 1;
			remoteGlobalIDString = ED1D05EA1E55F110007F28D9;
			remoteInfo = CyGloberRouter;
		};
		ED1D06101E55F110007F28D9 /* PBXContainerItemProxy */ = {
			isa = PBXContainerItemProxy;
			containerPortal = ED1D05E31E55F110007F28D9 /* Project object */;
			proxyType = 1;
			remoteGlobalIDString = ED1D05EA1E55F110007F28D9;
			remoteInfo = CyGloberRouter;
		};
/* End PBXContainerItemProxy section */

/* Begin PBXFileReference section */
		ED1D05EB1E55F110007F28D9 /* CyGloberRouter.app */ = {isa = PBXFileReference; explicitFileType = wrapper.application; includeInIndex = 0; path = CyGloberRouter.app; sourceTree = BUILT_PRODUCTS_DIR; };
		ED1D05EF1E55F110007F28D9 /* main.m */ = {isa = PBXFileReference; lastKnownFileType = sourcecode.c.objc; path = main.m; sourceTree = "<group>"; };
		ED1D05F11E55F110007F28D9 /* AppDelegate.h */ = {isa = PBXFileReference; lastKnownFileType = sourcecode.c.h; path = AppDelegate.h; sourceTree = "<group>"; };
		ED1D05F21E55F110007F28D9 /* AppDelegate.m */ = {isa = PBXFileReference; lastKnownFileType = sourcecode.c.objc; path = AppDelegate.m; sourceTree = "<group>"; };
		ED1D05F41E55F110007F28D9 /* ViewController.h */ = {isa = PBXFileReference; lastKnownFileType = sourcecode.c.h; path = ViewController.h; sourceTree = "<group>"; };
		ED1D05F51E55F110007F28D9 /* ViewController.m */ = {isa = PBXFileReference; lastKnownFileType = sourcecode.c.objc; path = ViewController.m; sourceTree = "<group>"; };
		ED1D05F81E55F110007F28D9 /* Base */ = {isa = PBXFileReference; lastKnownFileType = file.storyboard; name = Base; path = Base.lproj/Main.storyboard; sourceTree = "<group>"; };
		ED1D05FA1E55F110007F28D9 /* Assets.xcassets */ = {isa = PBXFileReference; lastKnownFileType = folder.assetcatalog; path = Assets.xcassets; sourceTree = "<group>"; };
		ED1D05FD1E55F110007F28D9 /* Base */ = {isa = PBXFileReference; lastKnownFileType = file.storyboard; name = Base; path = Base.lproj/LaunchScreen.storyboard; sourceTree = "<group>"; };
		ED1D05FF1E55F110007F28D9 /* Info.plist */ = {isa = PBXFileReference; lastKnownFileType = text.plist.xml; path = Info.plist; sourceTree = "<group>"; };
		ED1D06041E55F110007F28D9 /* CyGloberRouterTests.xctest */ = {isa = PBXFileReference; explicitFileType = wrapper.cfbundle; includeInIndex = 0; path = CyGloberRouterTests.xctest; sourceTree = BUILT_PRODUCTS_DIR; };
		ED1D06081E55F110007F28D9 /* CyGloberRouterTests.m */ = {isa = PBXFileReference; lastKnownFileType = sourcecode.c.objc; path = CyGloberRouterTests.m; sourceTree = "<group>"; };
		ED1D060A1E55F110007F28D9 /* Info.plist */ = {isa = PBXFileReference; lastKnownFileType = text.plist.xml; path = Info.plist; sourceTree = "<group>"; };
		ED1D060F1E55F110007F28D9 /* CyGloberRouterUITests.xctest */ = {isa = PBXFileReference; explicitFileType = wrapper.cfbundle; includeInIndex = 0; path = CyGloberRouterUITests.xctest; sourceTree = BUILT_PRODUCTS_DIR; };
		ED1D06131E55F110007F28D9 /* CyGloberRouterUITests.m */ = {isa = PBXFileReference; lastKnownFileType = sourcecode.c.objc; path = CyGloberRouterUITests.m; sourceTree = "<group>"; };
		ED1D06151E55F110007F28D9 /* Info.plist */ = {isa = PBXFileReference; lastKnownFileType = text.plist.xml; path = Info.plist; sourceTree = "<group>"; };
/* End PBXFileReference section */

/* Begin PBXFrameworksBuildPhase section */
		ED1D05E81E55F110007F28D9 /* Frameworks */ = {
			isa = PBXFrameworksBuildPhase;
			buildActionMask = 2147483647;
			files = (
			);
			runOnlyForDeploymentPostprocessing = 0;
		};
		ED1D06011E55F110007F28D9 /* Frameworks */ = {
			isa = PBXFrameworksBuildPhase;
			buildActionMask = 2147483647;
			files = (
			);
			runOnlyForDeploymentPostprocessing = 0;
		};
		ED1D060C1E55F110007F28D9 /* Frameworks */ = {
			isa = PBXFrameworksBuildPhase;
			buildActionMask = 2147483647;
			files = (
			);
			runOnlyForDeploymentPostprocessing = 0;
		};
/* End PBXFrameworksBuildPhase section */

/* Begin PBXGroup section */
		ED1D05E21E55F110007F28D9 = {
			isa = PBXGroup;
			children = (
				ED1D05ED1E55F110007F28D9 /* CyGloberRouter */,
				ED1D06071E55F110007F28D9 /* CyGloberRouterTests */,
				ED1D06121E55F110007F28D9 /* CyGloberRouterUITests */,
				ED1D05EC1E55F110007F28D9 /* Products */,
			);
			sourceTree = "<group>";
		};
		ED1D05EC1E55F110007F28D9 /* Products */ = {
			isa = PBXGroup;
			children = (
				ED1D05EB1E55F110007F28D9 /* CyGloberRouter.app */,
				ED1D06041E55F110007F28D9 /* CyGloberRouterTests.xctest */,
				ED1D060F1E55F110007F28D9 /* CyGloberRouterUITests.xctest */,
			);
			name = Products;
			sourceTree = "<group>";
		};
		ED1D05ED1E55F110007F28D9 /* CyGloberRouter */ = {
			isa = PBXGroup;
			children = (
				ED1D05F11E55F110007F28D9 /* AppDelegate.h */,
				ED1D05F21E55F110007F28D9 /* AppDelegate.m */,
				ED1D05F41E55F110007F28D9 /* ViewController.h */,
				ED1D05F51E55F110007F28D9 /* ViewController.m */,
				ED1D05F71E55F110007F28D9 /* Main.storyboard */,
				ED1D05FA1E55F110007F28D9 /* Assets.xcassets */,
				ED1D05FC1E55F110007F28D9 /* LaunchScreen.storyboard */,
				ED1D05FF1E55F110007F28D9 /* Info.plist */,
				ED1D05EE1E55F110007F28D9 /* Supporting Files */,
			);
			path = CyGloberRouter;
			sourceTree = "<group>";
		};
		ED1D05EE1E55F110007F28D9 /* Supporting Files */ = {
			isa = PBXGroup;
			children = (
				ED1D05EF1E55F110007F28D9 /* main.m */,
			);
			name = "Supporting Files";
			sourceTree = "<group>";
		};
		ED1D06071E55F110007F28D9 /* CyGloberRouterTests */ = {
			isa = PBXGroup;
			children = (
				ED1D06081E55F110007F28D9 /* CyGloberRouterTests.m */,
				ED1D060A1E55F110007F28D9 /* Info.plist */,
			);
			path = CyGloberRouterTests;
			sourceTree = "<group>";
		};
		ED1D06121E55F110007F28D9 /* CyGloberRouterUITests */ = {
			isa = PBXGroup;
			children = (
				ED1D06131E55F110007F28D9 /* CyGloberRouterUITests.m */,
				ED1D06151E55F110007F28D9 /* Info.plist */,
			);
			path = CyGloberRouterUITests;
			sourceTree = "<group>";
		};
/* End PBXGroup section */

/* Begin PBXNativeTarget section */
		ED1D05EA1E55F110007F28D9 /* CyGloberRouter */ = {
			isa = PBXNativeTarget;
			buildConfigurationList = ED1D06181E55F110007F28D9 /* Build configuration list for PBXNativeTarget "CyGloberRouter" */;
			buildPhases = (
				ED1D05E71E55F110007F28D9 /* Sources */,
				ED1D05E81E55F110007F28D9 /* Frameworks */,
				ED1D05E91E55F110007F28D9 /* Resources */,
			);
			buildRules = (
			);
			dependencies = (
			);
			name = CyGloberRouter;
			productName = CyGloberRouter;
			productReference = ED1D05EB1E55F110007F28D9 /* CyGloberRouter.app */;
			productType = "com.apple.product-type.application";
		};
		ED1D06031E55F110007F28D9 /* CyGloberRouterTests */ = {
			isa = PBXNativeTarget;
			buildConfigurationList = ED1D061B1E55F110007F28D9 /* Build configuration list for PBXNativeTarget "CyGloberRouterTests" */;
			buildPhases = (
				ED1D06001E55F110007F28D9 /* Sources */,
				ED1D06011E55F110007F28D9 /* Frameworks */,
				ED1D06021E55F110007F28D9 /* Resources */,
			);
			buildRules = (
			);
			dependencies = (
				ED1D06061E55F110007F28D9 /* PBXTargetDependency */,
			);
			name = CyGloberRouterTests;
			productName = CyGloberRouterTests;
			productReference = ED1D06041E55F110007F28D9 /* CyGloberRouterTests.xctest */;
			productType = "com.apple.product-type.bundle.unit-test";
		};
		ED1D060E1E55F110007F28D9 /* CyGloberRouterUITests */ = {
			isa = PBXNativeTarget;
			buildConfigurationList = ED1D061E1E55F110007F28D9 /* Build configuration list for PBXNativeTarget "CyGloberRouterUITests" */;
			buildPhases = (
				ED1D060B1E55F110007F28D9 /* Sources */,
				ED1D060C1E55F110007F28D9 /* Frameworks */,
				ED1D060D1E55F110007F28D9 /* Resources */,
			);
			buildRules = (
			);
			dependencies = (
				ED1D06111E55F110007F28D9 /* PBXTargetDependency */,
			);
			name = CyGloberRouterUITests;
			productName = CyGloberRouterUITests;
			productReference = ED1D060F1E55F110007F28D9 /* CyGloberRouterUITests.xctest */;
			productType = "com.apple.product-type.bundle.ui-testing";
		};
/* End PBXNativeTarget section */

/* Begin PBXProject section */
		ED1D05E31E55F110007F28D9 /* Project object */ = {
			isa = PBXProject;
			attributes = {
				LastUpgradeCheck = 0820;
				ORGANIZATIONNAME = "刘新宁";
				TargetAttributes = {
					ED1D05EA1E55F110007F28D9 = {
						CreatedOnToolsVersion = 8.2.1;
						ProvisioningStyle = Automatic;
					};
					ED1D06031E55F110007F28D9 = {
						CreatedOnToolsVersion = 8.2.1;
						ProvisioningStyle = Automatic;
						TestTargetID = ED1D05EA1E55F110007F28D9;
					};
					ED1D060E1E55F110007F28D9 = {
						CreatedOnToolsVersion = 8.2.1;
						ProvisioningStyle = Automatic;
						TestTargetID = ED1D05EA1E55F110007F28D9;
					};
				};
			};
			buildConfigurationList = ED1D05E61E55F110007F28D9 /* Build configuration list for PBXProject "CyGloberRouter" */;
			compatibilityVersion = "Xcode 3.2";
			developmentRegion = English;
			hasScannedForEncodings = 0;
			knownRegions = (
				en,
				Base,
			);
			mainGroup = ED1D05E21E55F110007F28D9;
			productRefGroup = ED1D05EC1E55F110007F28D9 /* Products */;
			projectDirPath = "";
			projectRoot = "";
			targets = (
				ED1D05EA1E55F110007F28D9 /* CyGloberRouter */,
				ED1D06031E55F110007F28D9 /* CyGloberRouterTests */,
				ED1D060E1E55F110007F28D9 /* CyGloberRouterUITests */,
			);
		};
/* End PBXProject section */

/* Begin PBXResourcesBuildPhase section */
		ED1D05E91E55F110007F28D9 /* Resources */ = {
			isa = PBXResourcesBuildPhase;
			buildActionMask = 2147483647;
			files = (
				ED1D05FE1E55F110007F28D9 /* LaunchScreen.storyboard in Resources */,
				ED1D05FB1E55F110007F28D9 /* Assets.xcassets in Resources */,
				ED1D05F91E55F110007F28D9 /* Main.storyboard in Resources */,
			);
			runOnlyForDeploymentPostprocessing = 0;
		};
		ED1D06021E55F110007F28D9 /* Resources */ = {
			isa = PBXResourcesBuildPhase;
			buildActionMask = 2147483647;
			files = (
			);
			runOnlyForDeploymentPostprocessing = 0;
		};
		ED1D060D1E55F110007F28D9 /* Resources */ = {
			isa = PBXResourcesBuildPhase;
			buildActionMask = 2147483647;
			files = (
			);
			runOnlyForDeploymentPostprocessing = 0;
		};
/* End PBXResourcesBuildPhase section */

/* Begin PBXSourcesBuildPhase section */
		ED1D05E71E55F110007F28D9 /* Sources */ = {
			isa = PBXSourcesBuildPhase;
			buildActionMask = 2147483647;
			files = (
				ED1D05F61E55F110007F28D9 /* ViewController.m in Sources */,
				ED1D05F31E55F110007F28D9 /* AppDelegate.m in Sources */,
				ED1D05F01E55F110007F28D9 /* main.m in Sources */,
			);
			runOnlyForDeploymentPostprocessing = 0;
		};
		ED1D06001E55F110007F28D9 /* Sources */ = {
			isa = PBXSourcesBuildPhase;
			buildActionMask = 2147483647;
			files = (
				ED1D06091E55F110007F28D9 /* CyGloberRouterTests.m in Sources */,
			);
			runOnlyForDeploymentPostprocessing = 0;
		};
		ED1D060B1E55F110007F28D9 /* Sources */ = {
			isa = PBXSourcesBuildPhase;
			buildActionMask = 2147483647;
			files = (
				ED1D06141E55F110007F28D9 /* CyGloberRouterUITests.m in Sources */,
			);
			runOnlyForDeploymentPostprocessing = 0;
		};
/* End PBXSourcesBuildPhase section */

/* Begin PBXTargetDependency section */
		ED1D06061E55F110007F28D9 /* PBXTargetDependency */ = {
			isa = PBXTargetDependency;
			target = ED1D05EA1E55F110007F28D9 /* CyGloberRouter */;
			targetProxy = ED1D06051E55F110007F28D9 /* PBXContainerItemProxy */;
		};
		ED1D06111E55F110007F28D9 /* PBXTargetDependency */ = {
			isa = PBXTargetDependency;
			target = ED1D05EA1E55F110007F28D9 /* CyGloberRouter */;
			targetProxy = ED1D06101E55F110007F28D9 /* PBXContainerItemProxy */;
		};
/* End PBXTargetDependency section */

/* Begin PBXVariantGroup section */
		ED1D05F71E55F110007F28D9 /* Main.storyboard */ = {
			isa = PBXVariantGroup;
			children = (
				ED1D05F81E55F110007F28D9 /* Base */,
			);
			name = Main.storyboard;
			sourceTree = "<group>";
		};
		ED1D05FC1E55F110007F28D9 /* LaunchScreen.storyboard */ = {
			isa = PBXVariantGroup;
			children = (
				ED1D05FD1E55F110007F28D9 /* Base */,
			);
			name = LaunchScreen.storyboard;
			sourceTree = "<group>";
		};
/* End PBXVariantGroup section */

/* Begin XCBuildConfiguration section */
		ED1D06161E55F110007F28D9 /* Debug */ = {
			isa = XCBuildConfiguration;
			buildSettings = {
				ALWAYS_SEARCH_USER_PATHS = NO;
				CLANG_ANALYZER_NONNULL = YES;
				CLANG_CXX_LANGUAGE_STANDARD = "gnu++0x";
				CLANG_CXX_LIBRARY = "libc++";
				CLANG_ENABLE_MODULES = YES;
				CLANG_ENABLE_OBJC_ARC = YES;
				CLANG_WARN_BOOL_CONVERSION = YES;
				CLANG_WARN_CONSTANT_CONVERSION = YES;
				CLANG_WARN_DIRECT_OBJC_ISA_USAGE = YES_ERROR;
				CLANG_WARN_DOCUMENTATION_COMMENTS = YES;
				CLANG_WARN_EMPTY_BODY = YES;
				CLANG_WARN_ENUM_CONVERSION = YES;
				CLANG_WARN_INFINITE_RECURSION = YES;
				CLANG_WARN_INT_CONVERSION = YES;
				CLANG_WARN_OBJC_ROOT_CLASS = YES_ERROR;
				CLANG_WARN_SUSPICIOUS_MOVE = YES;
				CLANG_WARN_UNREACHABLE_CODE = YES;
				CLANG_WARN__DUPLICATE_METHOD_MATCH = YES;
				"CODE_SIGN_IDENTITY[sdk=iphoneos*]" = "iPhone Developer";
				COPY_PHASE_STRIP = NO;
				DEBUG_INFORMATION_FORMAT = dwarf;
				ENABLE_STRICT_OBJC_MSGSEND = YES;
				ENABLE_TESTABILITY = YES;
				GCC_C_LANGUAGE_STANDARD = gnu99;
				GCC_DYNAMIC_NO_PIC = NO;
				GCC_NO_COMMON_BLOCKS = YES;
				GCC_OPTIMIZATION_LEVEL = 0;
				GCC_PREPROCESSOR_DEFINITIONS = (
					"DEBUG=1",
					"$(inherited)",
				);
				GCC_WARN_64_TO_32_BIT_CONVERSION = YES;
				GCC_WARN_ABOUT_RETURN_TYPE = YES_ERROR;
				GCC_WARN_UNDECLARED_SELECTOR = YES;
				GCC_WARN_UNINITIALIZED_AUTOS = YES_AGGRESSIVE;
				GCC_WARN_UNUSED_FUNCTION = YES;
				GCC_WARN_UNUSED_VARIABLE = YES;
				IPHONEOS_DEPLOYMENT_TARGET = 10.2;
				MTL_ENABLE_DEBUG_INFO = YES;
				ONLY_ACTIVE_ARCH = YES;
				SDKROOT = iphoneos;
				TARGETED_DEVICE_FAMILY = "1,2";
			};
			name = Debug;
		};
		ED1D06171E55F110007F28D9 /* Release */ = {
			isa = XCBuildConfiguration;
			buildSettings = {
				ALWAYS_SEARCH_USER_PATHS = NO;
				CLANG_ANALYZER_NONNULL = YES;
				CLANG_CXX_LANGUAGE_STANDARD = "gnu++0x";
				CLANG_CXX_LIBRARY = "libc++";
				CLANG_ENABLE_MODULES = YES;
				CLANG_ENABLE_OBJC_ARC = YES;
				CLANG_WARN_BOOL_CONVERSION = YES;
				CLANG_WARN_CONSTANT_CONVERSION = YES;
				CLANG_WARN_DIRECT_OBJC_ISA_USAGE = YES_ERROR;
				CLANG_WARN_DOCUMENTATION_COMMENTS = YES;
				CLANG_WARN_EMPTY_BODY = YES;
				CLANG_WARN_ENUM_CONVERSION = YES;
				CLANG_WARN_INFINITE_RECURSION = YES;
				CLANG_WARN_INT_CONVERSION = YES;
				CLANG_WARN_OBJC_ROOT_CLASS = YES_ERROR;
				CLANG_WARN_SUSPICIOUS_MOVE = YES;
				CLANG_WARN_UNREACHABLE_CODE = YES;
				CLANG_WARN__DUPLICATE_METHOD_MATCH = YES;
				"CODE_SIGN_IDENTITY[sdk=iphoneos*]" = "iPhone Developer";
				COPY_PHASE_STRIP = NO;
				DEBUG_INFORMATION_FORMAT = "dwarf-with-dsym";
				ENABLE_NS_ASSERTIONS = NO;
				ENABLE_STRICT_OBJC_MSGSEND = YES;
				GCC_C_LANGUAGE_STANDARD = gnu99;
				GCC_NO_COMMON_BLOCKS = YES;
				GCC_WARN_64_TO_32_BIT_CONVERSION = YES;
				GCC_WARN_ABOUT_RETURN_TYPE = YES_ERROR;
				GCC_WARN_UNDECLARED_SELECTOR = YES;
				GCC_WARN_UNINITIALIZED_AUTOS = YES_AGGRESSIVE;
				GCC_WARN_UNUSED_FUNCTION = YES;
				GCC_WARN_UNUSED_VARIABLE = YES;
				IPHONEOS_DEPLOYMENT_TARGET = 10.2;
				MTL_ENABLE_DEBUG_INFO = NO;
				SDKROOT = iphoneos;
				TARGETED_DEVICE_FAMILY = "1,2";
				VALIDATE_PRODUCT = YES;
			};
			name = Release;
		};
		ED1D06191E55F110007F28D9 /* Debug */ = {
			isa = XCBuildConfiguration;
			buildSettings = {
				ASSETCATALOG_COMPILER_APPICON_NAME = AppIcon;
				INFOPLIST_FILE = CyGloberRouter/Info.plist;
				LD_RUNPATH_SEARCH_PATHS = "$(inherited) @executable_path/Frameworks";
				PRODUCT_BUNDLE_IDENTIFIER = com.cyning.CyGloberRouter;
				PRODUCT_NAME = "$(TARGET_NAME)";
			};
			name = Debug;
		};
		ED1D061A1E55F110007F28D9 /* Release */ = {
			isa = XCBuildConfiguration;
			buildSettings = {
				ASSETCATALOG_COMPILER_APPICON_NAME = AppIcon;
				INFOPLIST_FILE = CyGloberRouter/Info.plist;
				LD_RUNPATH_SEARCH_PATHS = "$(inherited) @executable_path/Frameworks";
				PRODUCT_BUNDLE_IDENTIFIER = com.cyning.CyGloberRouter;
				PRODUCT_NAME = "$(TARGET_NAME)";
			};
			name = Release;
		};
		ED1D061C1E55F110007F28D9 /* Debug */ = {
			isa = XCBuildConfiguration;
			buildSettings = {
				BUNDLE_LOADER = "$(TEST_HOST)";
				INFOPLIST_FILE = CyGloberRouterTests/Info.plist;
				LD_RUNPATH_SEARCH_PATHS = "$(inherited) @executable_path/Frameworks @loader_path/Frameworks";
				PRODUCT_BUNDLE_IDENTIFIER = com.cyning.CyGloberRouterTests;
				PRODUCT_NAME = "$(TARGET_NAME)";
				TEST_HOST = "$(BUILT_PRODUCTS_DIR)/CyGloberRouter.app/CyGloberRouter";
			};
			name = Debug;
		};
		ED1D061D1E55F110007F28D9 /* Release */ = {
			isa = XCBuildConfiguration;
			buildSettings = {
				BUNDLE_LOADER = "$(TEST_HOST)";
				INFOPLIST_FILE = CyGloberRouterTests/Info.plist;
				LD_RUNPATH_SEARCH_PATHS = "$(inherited) @executable_path/Frameworks @loader_path/Frameworks";
				PRODUCT_BUNDLE_IDENTIFIER = com.cyning.CyGloberRouterTests;
				PRODUCT_NAME = "$(TARGET_NAME)";
				TEST_HOST = "$(BUILT_PRODUCTS_DIR)/CyGloberRouter.app/CyGloberRouter";
			};
			name = Release;
		};
		ED1D061F1E55F110007F28D9 /* Debug */ = {
			isa = XCBuildConfiguration;
			buildSettings = {
				INFOPLIST_FILE = CyGloberRouterUITests/Info.plist;
				LD_RUNPATH_SEARCH_PATHS = "$(inherited) @executable_path/Frameworks @loader_path/Frameworks";
				PRODUCT_BUNDLE_IDENTIFIER = com.cyning.CyGloberRouterUITests;
				PRODUCT_NAME = "$(TARGET_NAME)";
				TEST_TARGET_NAME = CyGloberRouter;
			};
			name = Debug;
		};
		ED1D06201E55F110007F28D9 /* Release */ = {
			isa = XCBuildConfiguration;
			buildSettings = {
				INFOPLIST_FILE = CyGloberRouterUITests/Info.plist;
				LD_RUNPATH_SEARCH_PATHS = "$(inherited) @executable_path/Frameworks @loader_path/Frameworks";
				PRODUCT_BUNDLE_IDENTIFIER = com.cyning.CyGloberRouterUITests;
				PRODUCT_NAME = "$(TARGET_NAME)";
				TEST_TARGET_NAME = CyGloberRouter;
			};
			name = Release;
		};
/* End XCBuildConfiguration section */

/* Begin XCConfigurationList section */
		ED1D05E61E55F110007F28D9 /* Build configuration list for PBXProject "CyGloberRouter" */ = {
			isa = XCConfigurationList;
			buildConfigurations = (
				ED1D06161E55F110007F28D9 /* Debug */,
				ED1D06171E55F110007F28D9 /* Release */,
			);
			defaultConfigurationIsVisible = 0;
			defaultConfigurationName = Release;
		};
		ED1D06181E55F110007F28D9 /* Build configuration list for PBXNativeTarget "CyGloberRouter" */ = {
			isa = XCConfigurationList;
			buildConfigurations = (
				ED1D06191E55F110007F28D9 /* Debug */,
				ED1D061A1E55F110007F28D9 /* Release */,
			);
			defaultConfigurationIsVisible = 0;
		};
		ED1D061B1E55F110007F28D9 /* Build configuration list for PBXNativeTarget "CyGloberRouterTests" */ = {
			isa = XCConfigurationList;
			buildConfigurations = (
				ED1D061C1E55F110007F28D9 /* Debug */,
				ED1D061D1E55F110007F28D9 /* Release */,
			);
			defaultConfigurationIsVisible = 0;
		};
		ED1D061E1E55F110007F28D9 /* Build configuration list for PBXNativeTarget "CyGloberRouterUITests" */ = {
			isa = XCConfigurationList;
			buildConfigurations = (
				ED1D061F1E55F110007F28D9 /* Debug */,
				ED1D06201E55F110007F28D9 /* Release */,
			);
			defaultConfigurationIsVisible = 0;
		};
/* End XCConfigurationList section */
	};
	rootObject = ED1D05E31E55F110007F28D9 /* Project object */;
}
